
Microsoft Visual Studio Solution File, Format Version 12.00
# Visual Studio Version 17
VisualStudioVersion = 17.13.35825.156 d17.13
MinimumVisualStudioVersion = 10.0.40219.1
Project("{FAE04EC0-301F-11D3-BF4B-00C04F79EFBC}") = "AutoTemplateSelector.Wpf.Sample", "AutoTemplateSelector.Wpf.Sample\AutoTemplateSelector.Wpf.Sample.csproj", "{0D29772A-5109-4D9B-8546-C29CAECF3B74}"
EndProject
Project("{2150E333-8FDC-42A3-9474-1A3956D46DE8}") = "Solution Items", "Solution Items", "{8EC462FD-D22E-90A8-E5CE-7E832BA40C5D}"
	ProjectSection(SolutionItems) = preProject
		.editorconfig = ..\.editorconfig
		README.md = ..\README.md
		Directory.Build.props = Directory.Build.props
		.ruleset = .ruleset
		Directory.Packages.props = Directory.Packages.props
		NuGet.Config = NuGet.Config
		..\Version.json = ..\Version.json
	EndProjectSection
EndProject
Project("{FAE04EC0-301F-11D3-BF4B-00C04F79EFBC}") = "AutoTemplateSelector.Generator", "AutoTemplateSelector.Generator\AutoTemplateSelector.Generator.csproj", "{0B93C1F4-DA6F-4D90-8CAB-FCBA1F8A5F3E}"
EndProject
Project("{2150E333-8FDC-42A3-9474-1A3956D46DE8}") = "Samples", "Samples", "{32D7E9E8-71A2-4896-A862-19BEFC0F54B6}"
EndProject
Project("{2150E333-8FDC-42A3-9474-1A3956D46DE8}") = "Tests", "Tests", "{115177F1-0D7E-4995-91AA-C8EFCC491FD8}"
EndProject
Project("{2150E333-8FDC-42A3-9474-1A3956D46DE8}") = "Debug", "Debug", "{9BBF685A-19EE-4B77-BF2A-F8AB3A9A4CA7}"
EndProject
Project("{FAE04EC0-301F-11D3-BF4B-00C04F79EFBC}") = "AutoTemplateSelector.Wpf.Console", "AutoTemplateSelector.Wpf.Console\AutoTemplateSelector.Wpf.Console.csproj", "{58D48DB1-EDD8-4372-81B5-2B87A5CD35E3}"
EndProject
Project("{9A19103F-16F7-4668-BE54-9A1E7A4F7556}") = "Build", "..\build\Build.csproj", "{2FA80F65-0EE2-4A79-9C4E-7706E774CD36}"
EndProject
Project("{2150E333-8FDC-42A3-9474-1A3956D46DE8}") = "workflows", "workflows", "{BC614007-5140-4E86-99A7-0BA751A87176}"
	ProjectSection(SolutionItems) = preProject
		..\.github\workflows\build-and-publish.yaml = ..\.github\workflows\build-and-publish.yaml
	EndProjectSection
EndProject
Global
	GlobalSection(SolutionConfigurationPlatforms) = preSolution
		Debug|Any CPU = Debug|Any CPU
		Release|Any CPU = Release|Any CPU
	EndGlobalSection
	GlobalSection(ProjectConfigurationPlatforms) = postSolution
		{2FA80F65-0EE2-4A79-9C4E-7706E774CD36}.Debug|Any CPU.ActiveCfg = Debug|Any CPU
		{2FA80F65-0EE2-4A79-9C4E-7706E774CD36}.Release|Any CPU.ActiveCfg = Release|Any CPU
		{0D29772A-5109-4D9B-8546-C29CAECF3B74}.Debug|Any CPU.ActiveCfg = Debug|Any CPU
		{0D29772A-5109-4D9B-8546-C29CAECF3B74}.Debug|Any CPU.Build.0 = Debug|Any CPU
		{0D29772A-5109-4D9B-8546-C29CAECF3B74}.Release|Any CPU.ActiveCfg = Release|Any CPU
		{0D29772A-5109-4D9B-8546-C29CAECF3B74}.Release|Any CPU.Build.0 = Release|Any CPU
		{0B93C1F4-DA6F-4D90-8CAB-FCBA1F8A5F3E}.Debug|Any CPU.ActiveCfg = Debug|Any CPU
		{0B93C1F4-DA6F-4D90-8CAB-FCBA1F8A5F3E}.Debug|Any CPU.Build.0 = Debug|Any CPU
		{0B93C1F4-DA6F-4D90-8CAB-FCBA1F8A5F3E}.Release|Any CPU.ActiveCfg = Release|Any CPU
		{0B93C1F4-DA6F-4D90-8CAB-FCBA1F8A5F3E}.Release|Any CPU.Build.0 = Release|Any CPU
		{58D48DB1-EDD8-4372-81B5-2B87A5CD35E3}.Debug|Any CPU.ActiveCfg = Debug|Any CPU
		{58D48DB1-EDD8-4372-81B5-2B87A5CD35E3}.Debug|Any CPU.Build.0 = Debug|Any CPU
		{58D48DB1-EDD8-4372-81B5-2B87A5CD35E3}.Release|Any CPU.ActiveCfg = Release|Any CPU
		{58D48DB1-EDD8-4372-81B5-2B87A5CD35E3}.Release|Any CPU.Build.0 = Release|Any CPU
	EndGlobalSection
	GlobalSection(SolutionProperties) = preSolution
		HideSolutionNode = FALSE
	EndGlobalSection
	GlobalSection(ExtensibilityGlobals) = postSolution
		SolutionGuid = {345234F6-8235-4E70-ABD1-396D68410CD5}
	EndGlobalSection
	GlobalSection(NestedProjects) = preSolution
		{0D29772A-5109-4D9B-8546-C29CAECF3B74} = {32D7E9E8-71A2-4896-A862-19BEFC0F54B6}
		{58D48DB1-EDD8-4372-81B5-2B87A5CD35E3} = {9BBF685A-19EE-4B77-BF2A-F8AB3A9A4CA7}
		{BC614007-5140-4E86-99A7-0BA751A87176} = {8EC462FD-D22E-90A8-E5CE-7E832BA40C5D}
	EndGlobalSection
EndGlobal
